
Microsoft Visual Studio Solution File, Format Version 12.00
# Visual Studio Version 16
VisualStudioVersion = 16.0.31729.503
MinimumVisualStudioVersion = 10.0.40219.1
Project("{FAE04EC0-301F-11D3-BF4B-00C04F79EFBC}") = "AvaliacaoDiscursiva", "AvaliacaoDiscursiva\AvaliacaoDiscursiva.csproj", "{AC0DA9A7-989A-4DF9-A7D0-E38D475B9334}"
EndProject
Global
	GlobalSection(SolutionConfigurationPlatforms) = preSolution
		Debug|Any CPU = Debug|Any CPU
		Release|Any CPU = Release|Any CPU
	EndGlobalSection
	GlobalSection(ProjectConfigurationPlatforms) = postSolution
		{AC0DA9A7-989A-4DF9-A7D0-E38D475B9334}.Debug|Any CPU.ActiveCfg = Debug|Any CPU
		{AC0DA9A7-989A-4DF9-A7D0-E38D475B9334}.Debug|Any CPU.Build.0 = Debug|Any CPU
		{AC0DA9A7-989A-4DF9-A7D0-E38D475B9334}.Release|Any CPU.ActiveCfg = Release|Any CPU
		{AC0DA9A7-989A-4DF9-A7D0-E38D475B9334}.Release|Any CPU.Build.0 = Release|Any CPU
	EndGlobalSection
	GlobalSection(SolutionProperties) = preSolution
		HideSolutionNode = FALSE
	EndGlobalSection
	GlobalSection(ExtensibilityGlobals) = postSolution
		SolutionGuid = {EDF4ABA1-417C-4B7A-BA8E-E4045F1CFF5F}
	EndGlobalSection
EndGlobal
